{
    "_readme": [
        "This file locks the dependencies of your project to a known state",
        "Read more about it at http://getcomposer.org/doc/01-basic-usage.md#composer-lock-the-lock-file"
    ],
    "hash": "4060c819a6600212de7eb5b65f451e46",
    "packages": [],
    "packages-dev": [
        {
            "name": "riimu/kit-classloader",
            "version": "v4.0.0",
            "source": {
                "type": "git",
                "url": "https://github.com/Riimu/Kit-ClassLoader.git",
                "reference": "1e4403927a45ae1048db41a8205c317defdf6ed8"
            },
            "dist": {
                "type": "zip",
                "url": "https://api.github.com/repos/Riimu/Kit-ClassLoader/zipball/1e4403927a45ae1048db41a8205c317defdf6ed8",
                "reference": "1e4403927a45ae1048db41a8205c317defdf6ed8",
                "shasum": ""
            },
            "require": {
                "php": ">=5.4.0"
            },
            "type": "library",
            "autoload": {
                "psr-4": {
                    "Riimu\\Kit\\ClassLoader\\": "src/"
                }
            },
            "notification-url": "https://packagist.org/downloads/",
            "license": [
                "MIT"
            ],
            "authors": [
                {
                    "name": "Riikka Kalliomäki",
                    "email": "riikka.kalliomaki@gmail.com",
                    "homepage": "http://riimu.net",
                    "role": "Developer"
                }
            ],
            "description": "PSR-0 and PSR-4 compatible class autoloader",
            "keywords": [
                "autoloading",
                "psr"
            ],
            "time": "2014-05-02 14:32:22"
        }
    ],
    "aliases": [],
    "minimum-stability": "stable",
    "stability-flags": [],
    "platform": {
        "php": ">=5.4.0"
    },
    "platform-dev": []
}
